
Microsoft Visual Studio Solution File, Format Version 12.00
# Visual Studio Version 16
VisualStudioVersion = 16.0.30804.86
MinimumVisualStudioVersion = 10.0.40219.1
Project("{9A19103F-16F7-4668-BE54-9A1E7A4F7556}") = "Symulator_Siwego_z_UEFA", "Symulator_Siwego_z_UEFA\Symulator_Siwego_z_UEFA.csproj", "{226746F7-333B-4B02-9972-68217B15F3CC}"
EndProject
Global
	GlobalSection(SolutionConfigurationPlatforms) = preSolution
		Debug|Any CPU = Debug|Any CPU
		Release|Any CPU = Release|Any CPU
	EndGlobalSection
	GlobalSection(ProjectConfigurationPlatforms) = postSolution
		{226746F7-333B-4B02-9972-68217B15F3CC}.Debug|Any CPU.ActiveCfg = Debug|Any CPU
		{226746F7-333B-4B02-9972-68217B15F3CC}.Debug|Any CPU.Build.0 = Debug|Any CPU
		{226746F7-333B-4B02-9972-68217B15F3CC}.Release|Any CPU.ActiveCfg = Release|Any CPU
		{226746F7-333B-4B02-9972-68217B15F3CC}.Release|Any CPU.Build.0 = Release|Any CPU
	EndGlobalSection
	GlobalSection(SolutionProperties) = preSolution
		HideSolutionNode = FALSE
	EndGlobalSection
	GlobalSection(ExtensibilityGlobals) = postSolution
		SolutionGuid = {1FC93EE9-A3FF-4CA8-A65E-BBF3A5469373}
	EndGlobalSection
EndGlobal
